// !$*UTF8*$!
{
	archiveVersion = 1;
	classes = {
	};
	objectVersion = 56;
	objects = {

/* Begin PBXBuildFile section */
		CF5A0DFE2B7B5EBF00A18B81 /* LoginViewController.swift in Sources */ = {isa = PBXBuildFile; fileRef = CF5A0DFD2B7B5EBF00A18B81 /* LoginViewController.swift */; };
		CF5A0E002B7B882200A18B81 /* NewPasswordViewController.swift in Sources */ = {isa = PBXBuildFile; fileRef = CF5A0DFF2B7B882200A18B81 /* NewPasswordViewController.swift */; };
		CF5A0E022B7B8E3800A18B81 /* SuccessViewController.swift in Sources */ = {isa = PBXBuildFile; fileRef = CF5A0E012B7B8E3800A18B81 /* SuccessViewController.swift */; };
		CF6964E62B794C690097D4CB /* AppDelegate.swift in Sources */ = {isa = PBXBuildFile; fileRef = CF6964E52B794C690097D4CB /* AppDelegate.swift */; };
		CF6964E82B794C690097D4CB /* SceneDelegate.swift in Sources */ = {isa = PBXBuildFile; fileRef = CF6964E72B794C690097D4CB /* SceneDelegate.swift */; };
		CF6964EA2B794C690097D4CB /* ViewController.swift in Sources */ = {isa = PBXBuildFile; fileRef = CF6964E92B794C690097D4CB /* ViewController.swift */; };
		CF6964EF2B794C6B0097D4CB /* Assets.xcassets in Resources */ = {isa = PBXBuildFile; fileRef = CF6964EE2B794C6B0097D4CB /* Assets.xcassets */; };
		CF6964F22B794C6B0097D4CB /* LaunchScreen.storyboard in Resources */ = {isa = PBXBuildFile; fileRef = CF6964F02B794C6B0097D4CB /* LaunchScreen.storyboard */; };
		CF6964FA2B794E550097D4CB /* SigninViewController.swift in Sources */ = {isa = PBXBuildFile; fileRef = CF6964F92B794E550097D4CB /* SigninViewController.swift */; };
		CF6964FC2B794E6C0097D4CB /* SignupViewController.swift in Sources */ = {isa = PBXBuildFile; fileRef = CF6964FB2B794E6C0097D4CB /* SignupViewController.swift */; };
/* End PBXBuildFile section */

/* Begin PBXFileReference section */
		CF5A0DFD2B7B5EBF00A18B81 /* LoginViewController.swift */ = {isa = PBXFileReference; lastKnownFileType = sourcecode.swift; path = LoginViewController.swift; sourceTree = "<group>"; };
		CF5A0DFF2B7B882200A18B81 /* NewPasswordViewController.swift */ = {isa = PBXFileReference; lastKnownFileType = sourcecode.swift; path = NewPasswordViewController.swift; sourceTree = "<group>"; };
		CF5A0E012B7B8E3800A18B81 /* SuccessViewController.swift */ = {isa = PBXFileReference; lastKnownFileType = sourcecode.swift; path = SuccessViewController.swift; sourceTree = "<group>"; };
		CF6964E22B794C690097D4CB /* Home_4month_1Design.app */ = {isa = PBXFileReference; explicitFileType = wrapper.application; includeInIndex = 0; path = Home_4month_1Design.app; sourceTree = BUILT_PRODUCTS_DIR; };
		CF6964E52B794C690097D4CB /* AppDelegate.swift */ = {isa = PBXFileReference; lastKnownFileType = sourcecode.swift; path = AppDelegate.swift; sourceTree = "<group>"; };
		CF6964E72B794C690097D4CB /* SceneDelegate.swift */ = {isa = PBXFileReference; lastKnownFileType = sourcecode.swift; path = SceneDelegate.swift; sourceTree = "<group>"; };
		CF6964E92B794C690097D4CB /* ViewController.swift */ = {isa = PBXFileReference; lastKnownFileType = sourcecode.swift; path = ViewController.swift; sourceTree = "<group>"; };
		CF6964EE2B794C6B0097D4CB /* Assets.xcassets */ = {isa = PBXFileReference; lastKnownFileType = folder.assetcatalog; path = Assets.xcassets; sourceTree = "<group>"; };
		CF6964F12B794C6B0097D4CB /* Base */ = {isa = PBXFileReference; lastKnownFileType = file.storyboard; name = Base; path = Base.lproj/LaunchScreen.storyboard; sourceTree = "<group>"; };
		CF6964F32B794C6B0097D4CB /* Info.plist */ = {isa = PBXFileReference; lastKnownFileType = text.plist.xml; path = Info.plist; sourceTree = "<group>"; };
		CF6964F92B794E550097D4CB /* SigninViewController.swift */ = {isa = PBXFileReference; lastKnownFileType = sourcecode.swift; path = SigninViewController.swift; sourceTree = "<group>"; };
		CF6964FB2B794E6C0097D4CB /* SignupViewController.swift */ = {isa = PBXFileReference; lastKnownFileType = sourcecode.swift; path = SignupViewController.swift; sourceTree = "<group>"; };
/* End PBXFileReference section */

/* Begin PBXFrameworksBuildPhase section */
		CF6964DF2B794C690097D4CB /* Frameworks */ = {
			isa = PBXFrameworksBuildPhase;
			buildActionMask = 2147483647;
			files = (
			);
			runOnlyForDeploymentPostprocessing = 0;
		};
/* End PBXFrameworksBuildPhase section */

/* Begin PBXGroup section */
		CF6964D92B794C690097D4CB = {
			isa = PBXGroup;
			children = (
				CF6964E42B794C690097D4CB /* Home_4month_1Design */,
				CF6964E32B794C690097D4CB /* Products */,
			);
			sourceTree = "<group>";
		};
		CF6964E32B794C690097D4CB /* Products */ = {
			isa = PBXGroup;
			children = (
				CF6964E22B794C690097D4CB /* Home_4month_1Design.app */,
			);
			name = Products;
			sourceTree = "<group>";
		};
		CF6964E42B794C690097D4CB /* Home_4month_1Design */ = {
			isa = PBXGroup;
			children = (
				CF6964E52B794C690097D4CB /* AppDelegate.swift */,
				CF6964E72B794C690097D4CB /* SceneDelegate.swift */,
				CF6964E92B794C690097D4CB /* ViewController.swift */,
				CF6964F92B794E550097D4CB /* SigninViewController.swift */,
				CF6964FB2B794E6C0097D4CB /* SignupViewController.swift */,
				CF5A0DFD2B7B5EBF00A18B81 /* LoginViewController.swift */,
				CF5A0DFF2B7B882200A18B81 /* NewPasswordViewController.swift */,
				CF5A0E012B7B8E3800A18B81 /* SuccessViewController.swift */,
				CF6964EE2B794C6B0097D4CB /* Assets.xcassets */,
				CF6964F02B794C6B0097D4CB /* LaunchScreen.storyboard */,
				CF6964F32B794C6B0097D4CB /* Info.plist */,
			);
			path = Home_4month_1Design;
			sourceTree = "<group>";
		};
/* End PBXGroup section */

/* Begin PBXNativeTarget section */
		CF6964E12B794C690097D4CB /* Home_4month_1Design */ = {
			isa = PBXNativeTarget;
			buildConfigurationList = CF6964F62B794C6B0097D4CB /* Build configuration list for PBXNativeTarget "Home_4month_1Design" */;
			buildPhases = (
				CF6964DE2B794C690097D4CB /* Sources */,
				CF6964DF2B794C690097D4CB /* Frameworks */,
				CF6964E02B794C690097D4CB /* Resources */,
			);
			buildRules = (
			);
			dependencies = (
			);
			name = Home_4month_1Design;
			productName = Home_4month_1Design;
			productReference = CF6964E22B794C690097D4CB /* Home_4month_1Design.app */;
			productType = "com.apple.product-type.application";
		};
/* End PBXNativeTarget section */

/* Begin PBXProject section */
		CF6964DA2B794C690097D4CB /* Project object */ = {
			isa = PBXProject;
			attributes = {
				BuildIndependentTargetsInParallel = 1;
				LastSwiftUpdateCheck = 1520;
				LastUpgradeCheck = 1520;
				TargetAttributes = {
					CF6964E12B794C690097D4CB = {
						CreatedOnToolsVersion = 15.2;
					};
				};
			};
			buildConfigurationList = CF6964DD2B794C690097D4CB /* Build configuration list for PBXProject "Home_4month_1Design" */;
			compatibilityVersion = "Xcode 14.0";
			developmentRegion = en;
			hasScannedForEncodings = 0;
			knownRegions = (
				en,
				Base,
			);
			mainGroup = CF6964D92B794C690097D4CB;
			productRefGroup = CF6964E32B794C690097D4CB /* Products */;
			projectDirPath = "";
			projectRoot = "";
			targets = (
				CF6964E12B794C690097D4CB /* Home_4month_1Design */,
			);
		};
/* End PBXProject section */

/* Begin PBXResourcesBuildPhase section */
		CF6964E02B794C690097D4CB /* Resources */ = {
			isa = PBXResourcesBuildPhase;
			buildActionMask = 2147483647;
			files = (
				CF6964F22B794C6B0097D4CB /* LaunchScreen.storyboard in Resources */,
				CF6964EF2B794C6B0097D4CB /* Assets.xcassets in Resources */,
			);
			runOnlyForDeploymentPostprocessing = 0;
		};
/* End PBXResourcesBuildPhase section */

/* Begin PBXSourcesBuildPhase section */
		CF6964DE2B794C690097D4CB /* Sources */ = {
			isa = PBXSourcesBuildPhase;
			buildActionMask = 2147483647;
			files = (
				CF5A0DFE2B7B5EBF00A18B81 /* LoginViewController.swift in Sources */,
				CF6964FA2B794E550097D4CB /* SigninViewController.swift in Sources */,
				CF5A0E002B7B882200A18B81 /* NewPasswordViewController.swift in Sources */,
				CF6964EA2B794C690097D4CB /* ViewController.swift in Sources */,
				CF6964FC2B794E6C0097D4CB /* SignupViewController.swift in Sources */,
				CF6964E62B794C690097D4CB /* AppDelegate.swift in Sources */,
				CF5A0E022B7B8E3800A18B81 /* SuccessViewController.swift in Sources */,
				CF6964E82B794C690097D4CB /* SceneDelegate.swift in Sources */,
			);
			runOnlyForDeploymentPostprocessing = 0;
		};
/* End PBXSourcesBuildPhase section */

/* Begin PBXVariantGroup section */
		CF6964F02B794C6B0097D4CB /* LaunchScreen.storyboard */ = {
			isa = PBXVariantGroup;
			children = (
				CF6964F12B794C6B0097D4CB /* Base */,
			);
			name = LaunchScreen.storyboard;
			sourceTree = "<group>";
		};
/* End PBXVariantGroup section */

/* Begin XCBuildConfiguration section */
		CF6964F42B794C6B0097D4CB /* Debug */ = {
			isa = XCBuildConfiguration;
			buildSettings = {
				ALWAYS_SEARCH_USER_PATHS = NO;
				ASSETCATALOG_COMPILER_GENERATE_SWIFT_ASSET_SYMBOL_EXTENSIONS = YES;
				CLANG_ANALYZER_NONNULL = YES;
				CLANG_ANALYZER_NUMBER_OBJECT_CONVERSION = YES_AGGRESSIVE;
				CLANG_CXX_LANGUAGE_STANDARD = "gnu++20";
				CLANG_ENABLE_MODULES = YES;
				CLANG_ENABLE_OBJC_ARC = YES;
				CLANG_ENABLE_OBJC_WEAK = YES;
				CLANG_WARN_BLOCK_CAPTURE_AUTORELEASING = YES;
				CLANG_WARN_BOOL_CONVERSION = YES;
				CLANG_WARN_COMMA = YES;
				CLANG_WARN_CONSTANT_CONVERSION = YES;
				CLANG_WARN_DEPRECATED_OBJC_IMPLEMENTATIONS = YES;
				CLANG_WARN_DIRECT_OBJC_ISA_USAGE = YES_ERROR;
				CLANG_WARN_DOCUMENTATION_COMMENTS = YES;
				CLANG_WARN_EMPTY_BODY = YES;
				CLANG_WARN_ENUM_CONVERSION = YES;
				CLANG_WARN_INFINITE_RECURSION = YES;
				CLANG_WARN_INT_CONVERSION = YES;
				CLANG_WARN_NON_LITERAL_NULL_CONVERSION = YES;
				CLANG_WARN_OBJC_IMPLICIT_RETAIN_SELF = YES;
				CLANG_WARN_OBJC_LITERAL_CONVERSION = YES;
				CLANG_WARN_OBJC_ROOT_CLASS = YES_ERROR;
				CLANG_WARN_QUOTED_INCLUDE_IN_FRAMEWORK_HEADER = YES;
				CLANG_WARN_RANGE_LOOP_ANALYSIS = YES;
				CLANG_WARN_STRICT_PROTOTYPES = YES;
				CLANG_WARN_SUSPICIOUS_MOVE = YES;
				CLANG_WARN_UNGUARDED_AVAILABILITY = YES_AGGRESSIVE;
				CLANG_WARN_UNREACHABLE_CODE = YES;
				CLANG_WARN__DUPLICATE_METHOD_MATCH = YES;
				COPY_PHASE_STRIP = NO;
				DEBUG_INFORMATION_FORMAT = dwarf;
				ENABLE_STRICT_OBJC_MSGSEND = YES;
				ENABLE_TESTABILITY = YES;
				ENABLE_USER_SCRIPT_SANDBOXING = YES;
				GCC_C_LANGUAGE_STANDARD = gnu17;
				GCC_DYNAMIC_NO_PIC = NO;
				GCC_NO_COMMON_BLOCKS = YES;
				GCC_OPTIMIZATION_LEVEL = 0;
				GCC_PREPROCESSOR_DEFINITIONS = (
					"DEBUG=1",
					"$(inherited)",
				);
				GCC_WARN_64_TO_32_BIT_CONVERSION = YES;
				GCC_WARN_ABOUT_RETURN_TYPE = YES_ERROR;
				GCC_WARN_UNDECLARED_SELECTOR = YES;
				GCC_WARN_UNINITIALIZED_AUTOS = YES_AGGRESSIVE;
				GCC_WARN_UNUSED_FUNCTION = YES;
				GCC_WARN_UNUSED_VARIABLE = YES;
				IPHONEOS_DEPLOYMENT_TARGET = 17.2;
				LOCALIZATION_PREFERS_STRING_CATALOGS = YES;
				MTL_ENABLE_DEBUG_INFO = INCLUDE_SOURCE;
				MTL_FAST_MATH = YES;
				ONLY_ACTIVE_ARCH = YES;
				SDKROOT = iphoneos;
				SWIFT_ACTIVE_COMPILATION_CONDITIONS = "DEBUG $(inherited)";
				SWIFT_OPTIMIZATION_LEVEL = "-Onone";
			};
			name = Debug;
		};
		CF6964F52B794C6B0097D4CB /* Release */ = {
			isa = XCBuildConfiguration;
			buildSettings = {
				ALWAYS_SEARCH_USER_PATHS = NO;
				ASSETCATALOG_COMPILER_GENERATE_SWIFT_ASSET_SYMBOL_EXTENSIONS = YES;
				CLANG_ANALYZER_NONNULL = YES;
				CLANG_ANALYZER_NUMBER_OBJECT_CONVERSION = YES_AGGRESSIVE;
				CLANG_CXX_LANGUAGE_STANDARD = "gnu++20";
				CLANG_ENABLE_MODULES = YES;
				CLANG_ENABLE_OBJC_ARC = YES;
				CLANG_ENABLE_OBJC_WEAK = YES;
				CLANG_WARN_BLOCK_CAPTURE_AUTORELEASING = YES;
				CLANG_WARN_BOOL_CONVERSION = YES;
				CLANG_WARN_COMMA = YES;
				CLANG_WARN_CONSTANT_CONVERSION = YES;
				CLANG_WARN_DEPRECATED_OBJC_IMPLEMENTATIONS = YES;
				CLANG_WARN_DIRECT_OBJC_ISA_USAGE = YES_ERROR;
				CLANG_WARN_DOCUMENTATION_COMMENTS = YES;
				CLANG_WARN_EMPTY_BODY = YES;
				CLANG_WARN_ENUM_CONVERSION = YES;
				CLANG_WARN_INFINITE_RECURSION = YES;
				CLANG_WARN_INT_CONVERSION = YES;
				CLANG_WARN_NON_LITERAL_NULL_CONVERSION = YES;
				CLANG_WARN_OBJC_IMPLICIT_RETAIN_SELF = YES;
				CLANG_WARN_OBJC_LITERAL_CONVERSION = YES;
				CLANG_WARN_OBJC_ROOT_CLASS = YES_ERROR;
				CLANG_WARN_QUOTED_INCLUDE_IN_FRAMEWORK_HEADER = YES;
				CLANG_WARN_RANGE_LOOP_ANALYSIS = YES;
				CLANG_WARN_STRICT_PROTOTYPES = YES;
				CLANG_WARN_SUSPICIOUS_MOVE = YES;
				CLANG_WARN_UNGUARDED_AVAILABILITY = YES_AGGRESSIVE;
				CLANG_WARN_UNREACHABLE_CODE = YES;
				CLANG_WARN__DUPLICATE_METHOD_MATCH = YES;
				COPY_PHASE_STRIP = NO;
				DEBUG_INFORMATION_FORMAT = "dwarf-with-dsym";
				ENABLE_NS_ASSERTIONS = NO;
				ENABLE_STRICT_OBJC_MSGSEND = YES;
				ENABLE_USER_SCRIPT_SANDBOXING = YES;
				GCC_C_LANGUAGE_STANDARD = gnu17;
				GCC_NO_COMMON_BLOCKS = YES;
				GCC_WARN_64_TO_32_BIT_CONVERSION = YES;
				GCC_WARN_ABOUT_RETURN_TYPE = YES_ERROR;
				GCC_WARN_UNDECLARED_SELECTOR = YES;
				GCC_WARN_UNINITIALIZED_AUTOS = YES_AGGRESSIVE;
				GCC_WARN_UNUSED_FUNCTION = YES;
				GCC_WARN_UNUSED_VARIABLE = YES;
				IPHONEOS_DEPLOYMENT_TARGET = 17.2;
				LOCALIZATION_PREFERS_STRING_CATALOGS = YES;
				MTL_ENABLE_DEBUG_INFO = NO;
				MTL_FAST_MATH = YES;
				SDKROOT = iphoneos;
				SWIFT_COMPILATION_MODE = wholemodule;
				VALIDATE_PRODUCT = YES;
			};
			name = Release;
		};
		CF6964F72B794C6B0097D4CB /* Debug */ = {
			isa = XCBuildConfiguration;
			buildSettings = {
				ASSETCATALOG_COMPILER_APPICON_NAME = AppIcon;
				ASSETCATALOG_COMPILER_GLOBAL_ACCENT_COLOR_NAME = AccentColor;
				CODE_SIGN_STYLE = Automatic;
				CURRENT_PROJECT_VERSION = 1;
				GENERATE_INFOPLIST_FILE = YES;
				INFOPLIST_FILE = Home_4month_1Design/Info.plist;
				INFOPLIST_KEY_UIApplicationSupportsIndirectInputEvents = YES;
				INFOPLIST_KEY_UILaunchStoryboardName = LaunchScreen;
				INFOPLIST_KEY_UISupportedInterfaceOrientations_iPad = "UIInterfaceOrientationPortrait UIInterfaceOrientationPortraitUpsideDown UIInterfaceOrientationLandscapeLeft UIInterfaceOrientationLandscapeRight";
				INFOPLIST_KEY_UISupportedInterfaceOrientations_iPhone = "UIInterfaceOrientationPortrait UIInterfaceOrientationLandscapeLeft UIInterfaceOrientationLandscapeRight";
				LD_RUNPATH_SEARCH_PATHS = (
					"$(inherited)",
					"@executable_path/Frameworks",
				);
				MARKETING_VERSION = 1.0;
				PRODUCT_BUNDLE_IDENTIFIER = "com.linaya.Home-4month-1Design";
				PRODUCT_NAME = "$(TARGET_NAME)";
				SWIFT_EMIT_LOC_STRINGS = YES;
				SWIFT_VERSION = 5.0;
				TARGETED_DEVICE_FAMILY = "1,2";
			};
			name = Debug;
		};
		CF6964F82B794C6B0097D4CB /* Release */ = {
			isa = XCBuildConfiguration;
			buildSettings = {
				ASSETCATALOG_COMPILER_APPICON_NAME = AppIcon;
				ASSETCATALOG_COMPILER_GLOBAL_ACCENT_COLOR_NAME = AccentColor;
				CODE_SIGN_STYLE = Automatic;
				CURRENT_PROJECT_VERSION = 1;
				GENERATE_INFOPLIST_FILE = YES;
				INFOPLIST_FILE = Home_4month_1Design/Info.plist;
				INFOPLIST_KEY_UIApplicationSupportsIndirectInputEvents = YES;
				INFOPLIST_KEY_UILaunchStoryboardName = LaunchScreen;
				INFOPLIST_KEY_UISupportedInterfaceOrientations_iPad = "UIInterfaceOrientationPortrait UIInterfaceOrientationPortraitUpsideDown UIInterfaceOrientationLandscapeLeft UIInterfaceOrientationLandscapeRight";
				INFOPLIST_KEY_UISupportedInterfaceOrientations_iPhone = "UIInterfaceOrientationPortrait UIInterfaceOrientationLandscapeLeft UIInterfaceOrientationLandscapeRight";
				LD_RUNPATH_SEARCH_PATHS = (
					"$(inherited)",
					"@executable_path/Frameworks",
				);
				MARKETING_VERSION = 1.0;
				PRODUCT_BUNDLE_IDENTIFIER = "com.linaya.Home-4month-1Design";
				PRODUCT_NAME = "$(TARGET_NAME)";
				SWIFT_EMIT_LOC_STRINGS = YES;
				SWIFT_VERSION = 5.0;
				TARGETED_DEVICE_FAMILY = "1,2";
			};
			name = Release;
		};
/* End XCBuildConfiguration section */

/* Begin XCConfigurationList section */
		CF6964DD2B794C690097D4CB /* Build configuration list for PBXProject "Home_4month_1Design" */ = {
			isa = XCConfigurationList;
			buildConfigurations = (
				CF6964F42B794C6B0097D4CB /* Debug */,
				CF6964F52B794C6B0097D4CB /* Release */,
			);
			defaultConfigurationIsVisible = 0;
			defaultConfigurationName = Release;
		};
		CF6964F62B794C6B0097D4CB /* Build configuration list for PBXNativeTarget "Home_4month_1Design" */ = {
			isa = XCConfigurationList;
			buildConfigurations = (
				CF6964F72B794C6B0097D4CB /* Debug */,
				CF6964F82B794C6B0097D4CB /* Release */,
			);
			defaultConfigurationIsVisible = 0;
			defaultConfigurationName = Release;
		};
/* End XCConfigurationList section */
	};
	rootObject = CF6964DA2B794C690097D4CB /* Project object */;
}
